{
  "name": "depth-documentation",
  "version": "2.0.0",
  "lockfileVersion": 3,
  "requires": true,
  "packages": {
    "": {
      "name": "depth-documentation",
      "version": "2.0.0",
      "license": "MIT",
      "dependencies": {
        "tocbot": "^4.36.4"
      }
    },
    "node_modules/tocbot": {
      "version": "4.36.4",
      "resolved": "https://registry.npmjs.org/tocbot/-/tocbot-4.36.4.tgz",
      "integrity": "sha512-ffznkKnZ1NdghwR1y8hN6W7kjn4FwcXq32Z1mn35gA7jd8dt2cTVAwL3d0BXXZGPu0Hd0evverUvcYAb/7vn0g==",
      "license": "MIT"
    }
  }
}
